
Microsoft Visual Studio Solution File, Format Version 12.00
# Visual Studio Version 17
VisualStudioVersion = 17.2.32630.192
MinimumVisualStudioVersion = 10.0.40219.1
Project("{FAE04EC0-301F-11D3-BF4B-00C04F79EFBC}") = "SearchEngine", "SearchEngine\SearchEngine.csproj", "{9111AC43-587A-40AD-8C62-E36B491D68B2}"
EndProject
Project("{FAE04EC0-301F-11D3-BF4B-00C04F79EFBC}") = "DriveFinderClassLibrary", "DriveFinderClassLibrary\DriveFinderClassLibrary.csproj", "{AE4E6B7D-E551-43A4-AEE2-E12CA55F8D0D}"
EndProject
Project("{FAE04EC0-301F-11D3-BF4B-00C04F79EFBC}") = "FileFinderInDriveClassLibrary", "FileFinderInDriveClassLibrary\FileFinderInDriveClassLibrary.csproj", "{E2244ACF-2707-4F0D-B2E4-A7E46EB1E6D6}"
EndProject
Project("{FAE04EC0-301F-11D3-BF4B-00C04F79EFBC}") = "DirectoryFinderInDriveClassLibrary", "DirectoryFinderInDriveClassLibrary\DirectoryFinderInDriveClassLibrary.csproj", "{D9EEA3B9-1E69-42C5-BBA0-6D9380632010}"
EndProject
Project("{FAE04EC0-301F-11D3-BF4B-00C04F79EFBC}") = "DirectoryAndFileLoopClassLibrary", "DirectoryAndFileLoopClassLibrary\DirectoryAndFileLoopClassLibrary.csproj", "{2B342877-6255-476A-BCA3-8C4F0849E68A}"
EndProject
Project("{FAE04EC0-301F-11D3-BF4B-00C04F79EFBC}") = "DriveAllFilesAndDirectoryClassLibrary", "DriveAllFilesAndDirectoryClassLibrary\DriveAllFilesAndDirectoryClassLibrary.csproj", "{30E05C6B-8F61-4A49-9DA0-159545A5D442}"
EndProject
Project("{FAE04EC0-301F-11D3-BF4B-00C04F79EFBC}") = "SearchFileNameClassLibrary", "SearchFileNameClassLibrary\SearchFileNameClassLibrary.csproj", "{BF5A25FE-9AEF-4379-B8B0-613628366F18}"
EndProject
Project("{FAE04EC0-301F-11D3-BF4B-00C04F79EFBC}") = "SplitPathToFileNameClassLibrary", "SplitPathToFileNameClassLibrary\SplitPathToFileNameClassLibrary.csproj", "{B406DA55-9E16-4973-850F-2B90CC8FB0F9}"
EndProject
Project("{FAE04EC0-301F-11D3-BF4B-00C04F79EFBC}") = "SearchHistorySaveAndReadDataClassLibrary", "SearchHistorySaveAndReadDataClassLibrary\SearchHistorySaveAndReadDataClassLibrary.csproj", "{BA7A9BD5-A3EF-43F1-A187-40C731DE5CF8}"
EndProject
Project("{FAE04EC0-301F-11D3-BF4B-00C04F79EFBC}") = "SearchHistoryFileNameClassLibrary", "SearchHistoryFileNameClassLibrary\SearchHistoryFileNameClassLibrary.csproj", "{BB1EDC77-BC9A-4F76-9095-B70F364BAFF7}"
EndProject
Global
	GlobalSection(SolutionConfigurationPlatforms) = preSolution
		Debug|Any CPU = Debug|Any CPU
		Release|Any CPU = Release|Any CPU
	EndGlobalSection
	GlobalSection(ProjectConfigurationPlatforms) = postSolution
		{9111AC43-587A-40AD-8C62-E36B491D68B2}.Debug|Any CPU.ActiveCfg = Debug|Any CPU
		{9111AC43-587A-40AD-8C62-E36B491D68B2}.Debug|Any CPU.Build.0 = Debug|Any CPU
		{9111AC43-587A-40AD-8C62-E36B491D68B2}.Release|Any CPU.ActiveCfg = Release|Any CPU
		{9111AC43-587A-40AD-8C62-E36B491D68B2}.Release|Any CPU.Build.0 = Release|Any CPU
		{AE4E6B7D-E551-43A4-AEE2-E12CA55F8D0D}.Debug|Any CPU.ActiveCfg = Debug|Any CPU
		{AE4E6B7D-E551-43A4-AEE2-E12CA55F8D0D}.Debug|Any CPU.Build.0 = Debug|Any CPU
		{AE4E6B7D-E551-43A4-AEE2-E12CA55F8D0D}.Release|Any CPU.ActiveCfg = Release|Any CPU
		{AE4E6B7D-E551-43A4-AEE2-E12CA55F8D0D}.Release|Any CPU.Build.0 = Release|Any CPU
		{E2244ACF-2707-4F0D-B2E4-A7E46EB1E6D6}.Debug|Any CPU.ActiveCfg = Debug|Any CPU
		{E2244ACF-2707-4F0D-B2E4-A7E46EB1E6D6}.Debug|Any CPU.Build.0 = Debug|Any CPU
		{E2244ACF-2707-4F0D-B2E4-A7E46EB1E6D6}.Release|Any CPU.ActiveCfg = Release|Any CPU
		{E2244ACF-2707-4F0D-B2E4-A7E46EB1E6D6}.Release|Any CPU.Build.0 = Release|Any CPU
		{D9EEA3B9-1E69-42C5-BBA0-6D9380632010}.Debug|Any CPU.ActiveCfg = Debug|Any CPU
		{D9EEA3B9-1E69-42C5-BBA0-6D9380632010}.Debug|Any CPU.Build.0 = Debug|Any CPU
		{D9EEA3B9-1E69-42C5-BBA0-6D9380632010}.Release|Any CPU.ActiveCfg = Release|Any CPU
		{D9EEA3B9-1E69-42C5-BBA0-6D9380632010}.Release|Any CPU.Build.0 = Release|Any CPU
		{2B342877-6255-476A-BCA3-8C4F0849E68A}.Debug|Any CPU.ActiveCfg = Debug|Any CPU
		{2B342877-6255-476A-BCA3-8C4F0849E68A}.Debug|Any CPU.Build.0 = Debug|Any CPU
		{2B342877-6255-476A-BCA3-8C4F0849E68A}.Release|Any CPU.ActiveCfg = Release|Any CPU
		{2B342877-6255-476A-BCA3-8C4F0849E68A}.Release|Any CPU.Build.0 = Release|Any CPU
		{30E05C6B-8F61-4A49-9DA0-159545A5D442}.Debug|Any CPU.ActiveCfg = Debug|Any CPU
		{30E05C6B-8F61-4A49-9DA0-159545A5D442}.Debug|Any CPU.Build.0 = Debug|Any CPU
		{30E05C6B-8F61-4A49-9DA0-159545A5D442}.Release|Any CPU.ActiveCfg = Release|Any CPU
		{30E05C6B-8F61-4A49-9DA0-159545A5D442}.Release|Any CPU.Build.0 = Release|Any CPU
		{BF5A25FE-9AEF-4379-B8B0-613628366F18}.Debug|Any CPU.ActiveCfg = Debug|Any CPU
		{BF5A25FE-9AEF-4379-B8B0-613628366F18}.Debug|Any CPU.Build.0 = Debug|Any CPU
		{BF5A25FE-9AEF-4379-B8B0-613628366F18}.Release|Any CPU.ActiveCfg = Release|Any CPU
		{BF5A25FE-9AEF-4379-B8B0-613628366F18}.Release|Any CPU.Build.0 = Release|Any CPU
		{B406DA55-9E16-4973-850F-2B90CC8FB0F9}.Debug|Any CPU.ActiveCfg = Debug|Any CPU
		{B406DA55-9E16-4973-850F-2B90CC8FB0F9}.Debug|Any CPU.Build.0 = Debug|Any CPU
		{B406DA55-9E16-4973-850F-2B90CC8FB0F9}.Release|Any CPU.ActiveCfg = Release|Any CPU
		{B406DA55-9E16-4973-850F-2B90CC8FB0F9}.Release|Any CPU.Build.0 = Release|Any CPU
		{BA7A9BD5-A3EF-43F1-A187-40C731DE5CF8}.Debug|Any CPU.ActiveCfg = Debug|Any CPU
		{BA7A9BD5-A3EF-43F1-A187-40C731DE5CF8}.Debug|Any CPU.Build.0 = Debug|Any CPU
		{BA7A9BD5-A3EF-43F1-A187-40C731DE5CF8}.Release|Any CPU.ActiveCfg = Release|Any CPU
		{BA7A9BD5-A3EF-43F1-A187-40C731DE5CF8}.Release|Any CPU.Build.0 = Release|Any CPU
		{BB1EDC77-BC9A-4F76-9095-B70F364BAFF7}.Debug|Any CPU.ActiveCfg = Debug|Any CPU
		{BB1EDC77-BC9A-4F76-9095-B70F364BAFF7}.Debug|Any CPU.Build.0 = Debug|Any CPU
		{BB1EDC77-BC9A-4F76-9095-B70F364BAFF7}.Release|Any CPU.ActiveCfg = Release|Any CPU
		{BB1EDC77-BC9A-4F76-9095-B70F364BAFF7}.Release|Any CPU.Build.0 = Release|Any CPU
	EndGlobalSection
	GlobalSection(SolutionProperties) = preSolution
		HideSolutionNode = FALSE
	EndGlobalSection
	GlobalSection(ExtensibilityGlobals) = postSolution
		SolutionGuid = {D641DCFE-B6ED-4526-80BB-073C64E82E2D}
	EndGlobalSection
EndGlobal
